{
  "requires": true,
  "lockfileVersion": 1,
  "dependencies": {
    "ngayeshapackage": {
      "version": "1.0.1",
      "resolved": "https://registry.npmjs.org/ngayeshapackage/-/ngayeshapackage-1.0.1.tgz",
      "integrity": "sha512-Eydbe2+bskE02E8nblMhFAOb2xNgHZwxJ/lh5A5dVFvwkUuSSM1Vt+uQI1JPIgcOPHkE6ZQ5eGgRC75yl1T9tw=="
    }
  }
}
